// !$*UTF8*$!
{
	archiveVersion = 1;
	classes = {
	};
	objectVersion = 77;
	objects = {

/* Begin PBXContainerItemProxy section */
		D020FE682D827F9B0018F434 /* PBXContainerItemProxy */ = {
			isa = PBXContainerItemProxy;
			containerPortal = D020FE4F2D827F9A0018F434 /* Project object */;
			proxyType = 1;
			remoteGlobalIDString = D020FE562D827F9A0018F434;
			remoteInfo = Youverify;
		};
		D020FE722D827F9B0018F434 /* PBXContainerItemProxy */ = {
			isa = PBXContainerItemProxy;
			containerPortal = D020FE4F2D827F9A0018F434 /* Project object */;
			proxyType = 1;
			remoteGlobalIDString = D020FE562D827F9A0018F434;
			remoteInfo = Youverify;
		};
/* End PBXContainerItemProxy section */

/* Begin PBXFileReference section */
		D020FE572D827F9A0018F434 /* Youverify.app */ = {isa = PBXFileReference; explicitFileType = wrapper.application; includeInIndex = 0; path = Youverify.app; sourceTree = BUILT_PRODUCTS_DIR; };
		D020FE672D827F9B0018F434 /* YouverifyTests.xctest */ = {isa = PBXFileReference; explicitFileType = wrapper.cfbundle; includeInIndex = 0; path = YouverifyTests.xctest; sourceTree = BUILT_PRODUCTS_DIR; };
		D020FE712D827F9B0018F434 /* YouverifyUITests.xctest */ = {isa = PBXFileReference; explicitFileType = wrapper.cfbundle; includeInIndex = 0; path = YouverifyUITests.xctest; sourceTree = BUILT_PRODUCTS_DIR; };
/* End PBXFileReference section */

/* Begin PBXFileSystemSynchronizedRootGroup section */
		D020FE592D827F9A0018F434 /* Youverify */ = {
			isa = PBXFileSystemSynchronizedRootGroup;
			path = Youverify;
			sourceTree = "<group>";
		};
		D020FE6A2D827F9B0018F434 /* YouverifyTests */ = {
			isa = PBXFileSystemSynchronizedRootGroup;
			path = YouverifyTests;
			sourceTree = "<group>";
		};
		D020FE742D827F9B0018F434 /* YouverifyUITests */ = {
			isa = PBXFileSystemSynchronizedRootGroup;
			path = YouverifyUITests;
			sourceTree = "<group>";
		};
/* End PBXFileSystemSynchronizedRootGroup section */

/* Begin PBXFrameworksBuildPhase section */
		D020FE542D827F9A0018F434 /* Frameworks */ = {
			isa = PBXFrameworksBuildPhase;
			buildActionMask = 2147483647;
			files = (
			);
			runOnlyForDeploymentPostprocessing = 0;
		};
		D020FE642D827F9B0018F434 /* Frameworks */ = {
			isa = PBXFrameworksBuildPhase;
			buildActionMask = 2147483647;
			files = (
			);
			runOnlyForDeploymentPostprocessing = 0;
		};
		D020FE6E2D827F9B0018F434 /* Frameworks */ = {
			isa = PBXFrameworksBuildPhase;
			buildActionMask = 2147483647;
			files = (
			);
			runOnlyForDeploymentPostprocessing = 0;
		};
/* End PBXFrameworksBuildPhase section */

/* Begin PBXGroup section */
		D020FE4E2D827F9A0018F434 = {
			isa = PBXGroup;
			children = (
				D020FE592D827F9A0018F434 /* Youverify */,
				D020FE6A2D827F9B0018F434 /* YouverifyTests */,
				D020FE742D827F9B0018F434 /* YouverifyUITests */,
				D020FE582D827F9A0018F434 /* Products */,
			);
			sourceTree = "<group>";
		};
		D020FE582D827F9A0018F434 /* Products */ = {
			isa = PBXGroup;
			children = (
				D020FE572D827F9A0018F434 /* Youverify.app */,
				D020FE672D827F9B0018F434 /* YouverifyTests.xctest */,
				D020FE712D827F9B0018F434 /* YouverifyUITests.xctest */,
			);
			name = Products;
			sourceTree = "<group>";
		};
/* End PBXGroup section */

/* Begin PBXNativeTarget section */
		D020FE562D827F9A0018F434 /* Youverify */ = {
			isa = PBXNativeTarget;
			buildConfigurationList = D020FE7B2D827F9B0018F434 /* Build configuration list for PBXNativeTarget "Youverify" */;
			buildPhases = (
				D020FE532D827F9A0018F434 /* Sources */,
				D020FE542D827F9A0018F434 /* Frameworks */,
				D020FE552D827F9A0018F434 /* Resources */,
			);
			buildRules = (
			);
			dependencies = (
			);
			fileSystemSynchronizedGroups = (
				D020FE592D827F9A0018F434 /* Youverify */,
			);
			name = Youverify;
			packageProductDependencies = (
			);
			productName = Youverify;
			productReference = D020FE572D827F9A0018F434 /* Youverify.app */;
			productType = "com.apple.product-type.application";
		};
		D020FE662D827F9B0018F434 /* YouverifyTests */ = {
			isa = PBXNativeTarget;
			buildConfigurationList = D020FE7E2D827F9B0018F434 /* Build configuration list for PBXNativeTarget "YouverifyTests" */;
			buildPhases = (
				D020FE632D827F9B0018F434 /* Sources */,
				D020FE642D827F9B0018F434 /* Frameworks */,
				D020FE652D827F9B0018F434 /* Resources */,
			);
			buildRules = (
			);
			dependencies = (
				D020FE692D827F9B0018F434 /* PBXTargetDependency */,
			);
			fileSystemSynchronizedGroups = (
				D020FE6A2D827F9B0018F434 /* YouverifyTests */,
			);
			name = YouverifyTests;
			packageProductDependencies = (
			);
			productName = YouverifyTests;
			productReference = D020FE672D827F9B0018F434 /* YouverifyTests.xctest */;
			productType = "com.apple.product-type.bundle.unit-test";
		};
		D020FE702D827F9B0018F434 /* YouverifyUITests */ = {
			isa = PBXNativeTarget;
			buildConfigurationList = D020FE812D827F9B0018F434 /* Build configuration list for PBXNativeTarget "YouverifyUITests" */;
			buildPhases = (
				D020FE6D2D827F9B0018F434 /* Sources */,
				D020FE6E2D827F9B0018F434 /* Frameworks */,
				D020FE6F2D827F9B0018F434 /* Resources */,
			);
			buildRules = (
			);
			dependencies = (
				D020FE732D827F9B0018F434 /* PBXTargetDependency */,
			);
			fileSystemSynchronizedGroups = (
				D020FE742D827F9B0018F434 /* YouverifyUITests */,
			);
			name = YouverifyUITests;
			packageProductDependencies = (
			);
			productName = YouverifyUITests;
			productReference = D020FE712D827F9B0018F434 /* YouverifyUITests.xctest */;
			productType = "com.apple.product-type.bundle.ui-testing";
		};
/* End PBXNativeTarget section */

/* Begin PBXProject section */
		D020FE4F2D827F9A0018F434 /* Project object */ = {
			isa = PBXProject;
			attributes = {
				BuildIndependentTargetsInParallel = 1;
				LastSwiftUpdateCheck = 1620;
				LastUpgradeCheck = 1620;
				TargetAttributes = {
					D020FE562D827F9A0018F434 = {
						CreatedOnToolsVersion = 16.2;
					};
					D020FE662D827F9B0018F434 = {
						CreatedOnToolsVersion = 16.2;
						TestTargetID = D020FE562D827F9A0018F434;
					};
					D020FE702D827F9B0018F434 = {
						CreatedOnToolsVersion = 16.2;
						TestTargetID = D020FE562D827F9A0018F434;
					};
				};
			};
			buildConfigurationList = D020FE522D827F9A0018F434 /* Build configuration list for PBXProject "Youverify" */;
			developmentRegion = en;
			hasScannedForEncodings = 0;
			knownRegions = (
				en,
				Base,
			);
			mainGroup = D020FE4E2D827F9A0018F434;
			minimizedProjectReferenceProxies = 1;
			preferredProjectObjectVersion = 77;
			productRefGroup = D020FE582D827F9A0018F434 /* Products */;
			projectDirPath = "";
			projectRoot = "";
			targets = (
				D020FE562D827F9A0018F434 /* Youverify */,
				D020FE662D827F9B0018F434 /* YouverifyTests */,
				D020FE702D827F9B0018F434 /* YouverifyUITests */,
			);
		};
/* End PBXProject section */

/* Begin PBXResourcesBuildPhase section */
		D020FE552D827F9A0018F434 /* Resources */ = {
			isa = PBXResourcesBuildPhase;
			buildActionMask = 2147483647;
			files = (
			);
			runOnlyForDeploymentPostprocessing = 0;
		};
		D020FE652D827F9B0018F434 /* Resources */ = {
			isa = PBXResourcesBuildPhase;
			buildActionMask = 2147483647;
			files = (
			);
			runOnlyForDeploymentPostprocessing = 0;
		};
		D020FE6F2D827F9B0018F434 /* Resources */ = {
			isa = PBXResourcesBuildPhase;
			buildActionMask = 2147483647;
			files = (
			);
			runOnlyForDeploymentPostprocessing = 0;
		};
/* End PBXResourcesBuildPhase section */

/* Begin PBXSourcesBuildPhase section */
		D020FE532D827F9A0018F434 /* Sources */ = {
			isa = PBXSourcesBuildPhase;
			buildActionMask = 2147483647;
			files = (
			);
			runOnlyForDeploymentPostprocessing = 0;
		};
		D020FE632D827F9B0018F434 /* Sources */ = {
			isa = PBXSourcesBuildPhase;
			buildActionMask = 2147483647;
			files = (
			);
			runOnlyForDeploymentPostprocessing = 0;
		};
		D020FE6D2D827F9B0018F434 /* Sources */ = {
			isa = PBXSourcesBuildPhase;
			buildActionMask = 2147483647;
			files = (
			);
			runOnlyForDeploymentPostprocessing = 0;
		};
/* End PBXSourcesBuildPhase section */

/* Begin PBXTargetDependency section */
		D020FE692D827F9B0018F434 /* PBXTargetDependency */ = {
			isa = PBXTargetDependency;
			target = D020FE562D827F9A0018F434 /* Youverify */;
			targetProxy = D020FE682D827F9B0018F434 /* PBXContainerItemProxy */;
		};
		D020FE732D827F9B0018F434 /* PBXTargetDependency */ = {
			isa = PBXTargetDependency;
			target = D020FE562D827F9A0018F434 /* Youverify */;
			targetProxy = D020FE722D827F9B0018F434 /* PBXContainerItemProxy */;
		};
/* End PBXTargetDependency section */

/* Begin XCBuildConfiguration section */
		D020FE792D827F9B0018F434 /* Debug */ = {
			isa = XCBuildConfiguration;
			buildSettings = {
				ALWAYS_SEARCH_USER_PATHS = NO;
				ASSETCATALOG_COMPILER_GENERATE_SWIFT_ASSET_SYMBOL_EXTENSIONS = YES;
				CLANG_ANALYZER_NONNULL = YES;
				CLANG_ANALYZER_NUMBER_OBJECT_CONVERSION = YES_AGGRESSIVE;
				CLANG_CXX_LANGUAGE_STANDARD = "gnu++20";
				CLANG_ENABLE_MODULES = YES;
				CLANG_ENABLE_OBJC_ARC = YES;
				CLANG_ENABLE_OBJC_WEAK = YES;
				CLANG_WARN_BLOCK_CAPTURE_AUTORELEASING = YES;
				CLANG_WARN_BOOL_CONVERSION = YES;
				CLANG_WARN_COMMA = YES;
				CLANG_WARN_CONSTANT_CONVERSION = YES;
				CLANG_WARN_DEPRECATED_OBJC_IMPLEMENTATIONS = YES;
				CLANG_WARN_DIRECT_OBJC_ISA_USAGE = YES_ERROR;
				CLANG_WARN_DOCUMENTATION_COMMENTS = YES;
				CLANG_WARN_EMPTY_BODY = YES;
				CLANG_WARN_ENUM_CONVERSION = YES;
				CLANG_WARN_INFINITE_RECURSION = YES;
				CLANG_WARN_INT_CONVERSION = YES;
				CLANG_WARN_NON_LITERAL_NULL_CONVERSION = YES;
				CLANG_WARN_OBJC_IMPLICIT_RETAIN_SELF = YES;
				CLANG_WARN_OBJC_LITERAL_CONVERSION = YES;
				CLANG_WARN_OBJC_ROOT_CLASS = YES_ERROR;
				CLANG_WARN_QUOTED_INCLUDE_IN_FRAMEWORK_HEADER = YES;
				CLANG_WARN_RANGE_LOOP_ANALYSIS = YES;
				CLANG_WARN_STRICT_PROTOTYPES = YES;
				CLANG_WARN_SUSPICIOUS_MOVE = YES;
				CLANG_WARN_UNGUARDED_AVAILABILITY = YES_AGGRESSIVE;
				CLANG_WARN_UNREACHABLE_CODE = YES;
				CLANG_WARN__DUPLICATE_METHOD_MATCH = YES;
				COPY_PHASE_STRIP = NO;
				DEBUG_INFORMATION_FORMAT = dwarf;
				ENABLE_STRICT_OBJC_MSGSEND = YES;
				ENABLE_TESTABILITY = YES;
				ENABLE_USER_SCRIPT_SANDBOXING = YES;
				GCC_C_LANGUAGE_STANDARD = gnu17;
				GCC_DYNAMIC_NO_PIC = NO;
				GCC_NO_COMMON_BLOCKS = YES;
				GCC_OPTIMIZATION_LEVEL = 0;
				GCC_PREPROCESSOR_DEFINITIONS = (
					"DEBUG=1",
					"$(inherited)",
				);
				GCC_WARN_64_TO_32_BIT_CONVERSION = YES;
				GCC_WARN_ABOUT_RETURN_TYPE = YES_ERROR;
				GCC_WARN_UNDECLARED_SELECTOR = YES;
				GCC_WARN_UNINITIALIZED_AUTOS = YES_AGGRESSIVE;
				GCC_WARN_UNUSED_FUNCTION = YES;
				GCC_WARN_UNUSED_VARIABLE = YES;
				IPHONEOS_DEPLOYMENT_TARGET = 18.2;
				LOCALIZATION_PREFERS_STRING_CATALOGS = YES;
				MTL_ENABLE_DEBUG_INFO = INCLUDE_SOURCE;
				MTL_FAST_MATH = YES;
				ONLY_ACTIVE_ARCH = YES;
				SDKROOT = iphoneos;
				SWIFT_ACTIVE_COMPILATION_CONDITIONS = "DEBUG $(inherited)";
				SWIFT_OPTIMIZATION_LEVEL = "-Onone";
			};
			name = Debug;
		};
		D020FE7A2D827F9B0018F434 /* Release */ = {
			isa = XCBuildConfiguration;
			buildSettings = {
				ALWAYS_SEARCH_USER_PATHS = NO;
				ASSETCATALOG_COMPILER_GENERATE_SWIFT_ASSET_SYMBOL_EXTENSIONS = YES;
				CLANG_ANALYZER_NONNULL = YES;
				CLANG_ANALYZER_NUMBER_OBJECT_CONVERSION = YES_AGGRESSIVE;
				CLANG_CXX_LANGUAGE_STANDARD = "gnu++20";
				CLANG_ENABLE_MODULES = YES;
				CLANG_ENABLE_OBJC_ARC = YES;
				CLANG_ENABLE_OBJC_WEAK = YES;
				CLANG_WARN_BLOCK_CAPTURE_AUTORELEASING = YES;
				CLANG_WARN_BOOL_CONVERSION = YES;
				CLANG_WARN_COMMA = YES;
				CLANG_WARN_CONSTANT_CONVERSION = YES;
				CLANG_WARN_DEPRECATED_OBJC_IMPLEMENTATIONS = YES;
				CLANG_WARN_DIRECT_OBJC_ISA_USAGE = YES_ERROR;
				CLANG_WARN_DOCUMENTATION_COMMENTS = YES;
				CLANG_WARN_EMPTY_BODY = YES;
				CLANG_WARN_ENUM_CONVERSION = YES;
				CLANG_WARN_INFINITE_RECURSION = YES;
				CLANG_WARN_INT_CONVERSION = YES;
				CLANG_WARN_NON_LITERAL_NULL_CONVERSION = YES;
				CLANG_WARN_OBJC_IMPLICIT_RETAIN_SELF = YES;
				CLANG_WARN_OBJC_LITERAL_CONVERSION = YES;
				CLANG_WARN_OBJC_ROOT_CLASS = YES_ERROR;
				CLANG_WARN_QUOTED_INCLUDE_IN_FRAMEWORK_HEADER = YES;
				CLANG_WARN_RANGE_LOOP_ANALYSIS = YES;
				CLANG_WARN_STRICT_PROTOTYPES = YES;
				CLANG_WARN_SUSPICIOUS_MOVE = YES;
				CLANG_WARN_UNGUARDED_AVAILABILITY = YES_AGGRESSIVE;
				CLANG_WARN_UNREACHABLE_CODE = YES;
				CLANG_WARN__DUPLICATE_METHOD_MATCH = YES;
				COPY_PHASE_STRIP = NO;
				DEBUG_INFORMATION_FORMAT = "dwarf-with-dsym";
				ENABLE_NS_ASSERTIONS = NO;
				ENABLE_STRICT_OBJC_MSGSEND = YES;
				ENABLE_USER_SCRIPT_SANDBOXING = YES;
				GCC_C_LANGUAGE_STANDARD = gnu17;
				GCC_NO_COMMON_BLOCKS = YES;
				GCC_WARN_64_TO_32_BIT_CONVERSION = YES;
				GCC_WARN_ABOUT_RETURN_TYPE = YES_ERROR;
				GCC_WARN_UNDECLARED_SELECTOR = YES;
				GCC_WARN_UNINITIALIZED_AUTOS = YES_AGGRESSIVE;
				GCC_WARN_UNUSED_FUNCTION = YES;
				GCC_WARN_UNUSED_VARIABLE = YES;
				IPHONEOS_DEPLOYMENT_TARGET = 18.2;
				LOCALIZATION_PREFERS_STRING_CATALOGS = YES;
				MTL_ENABLE_DEBUG_INFO = NO;
				MTL_FAST_MATH = YES;
				SDKROOT = iphoneos;
				SWIFT_COMPILATION_MODE = wholemodule;
				VALIDATE_PRODUCT = YES;
			};
			name = Release;
		};
		D020FE7C2D827F9B0018F434 /* Debug */ = {
			isa = XCBuildConfiguration;
			buildSettings = {
				ASSETCATALOG_COMPILER_APPICON_NAME = AppIcon;
				ASSETCATALOG_COMPILER_GLOBAL_ACCENT_COLOR_NAME = AccentColor;
				CODE_SIGN_STYLE = Automatic;
				CURRENT_PROJECT_VERSION = 1;
				DEVELOPMENT_ASSET_PATHS = "\"Youverify/Preview Content\"";
				ENABLE_PREVIEWS = YES;
				GENERATE_INFOPLIST_FILE = YES;
				INFOPLIST_KEY_UIApplicationSceneManifest_Generation = YES;
				INFOPLIST_KEY_UIApplicationSupportsIndirectInputEvents = YES;
				INFOPLIST_KEY_UILaunchScreen_Generation = YES;
				INFOPLIST_KEY_UISupportedInterfaceOrientations_iPad = "UIInterfaceOrientationPortrait UIInterfaceOrientationPortraitUpsideDown UIInterfaceOrientationLandscapeLeft UIInterfaceOrientationLandscapeRight";
				INFOPLIST_KEY_UISupportedInterfaceOrientations_iPhone = "UIInterfaceOrientationPortrait UIInterfaceOrientationLandscapeLeft UIInterfaceOrientationLandscapeRight";
				LD_RUNPATH_SEARCH_PATHS = (
					"$(inherited)",
					"@executable_path/Frameworks",
				);
				MARKETING_VERSION = 1.0;
				PRODUCT_BUNDLE_IDENTIFIER = XcodeFix.com.Youverify;
				PRODUCT_NAME = "$(TARGET_NAME)";
				SWIFT_EMIT_LOC_STRINGS = YES;
				SWIFT_VERSION = 5.0;
				TARGETED_DEVICE_FAMILY = "1,2";
			};
			name = Debug;
		};
		D020FE7D2D827F9B0018F434 /* Release */ = {
			isa = XCBuildConfiguration;
			buildSettings = {
				ASSETCATALOG_COMPILER_APPICON_NAME = AppIcon;
				ASSETCATALOG_COMPILER_GLOBAL_ACCENT_COLOR_NAME = AccentColor;
				CODE_SIGN_STYLE = Automatic;
				CURRENT_PROJECT_VERSION = 1;
				DEVELOPMENT_ASSET_PATHS = "\"Youverify/Preview Content\"";
				ENABLE_PREVIEWS = YES;
				GENERATE_INFOPLIST_FILE = YES;
				INFOPLIST_KEY_UIApplicationSceneManifest_Generation = YES;
				INFOPLIST_KEY_UIApplicationSupportsIndirectInputEvents = YES;
				INFOPLIST_KEY_UILaunchScreen_Generation = YES;
				INFOPLIST_KEY_UISupportedInterfaceOrientations_iPad = "UIInterfaceOrientationPortrait UIInterfaceOrientationPortraitUpsideDown UIInterfaceOrientationLandscapeLeft UIInterfaceOrientationLandscapeRight";
				INFOPLIST_KEY_UISupportedInterfaceOrientations_iPhone = "UIInterfaceOrientationPortrait UIInterfaceOrientationLandscapeLeft UIInterfaceOrientationLandscapeRight";
				LD_RUNPATH_SEARCH_PATHS = (
					"$(inherited)",
					"@executable_path/Frameworks",
				);
				MARKETING_VERSION = 1.0;
				PRODUCT_BUNDLE_IDENTIFIER = XcodeFix.com.Youverify;
				PRODUCT_NAME = "$(TARGET_NAME)";
				SWIFT_EMIT_LOC_STRINGS = YES;
				SWIFT_VERSION = 5.0;
				TARGETED_DEVICE_FAMILY = "1,2";
			};
			name = Release;
		};
		D020FE7F2D827F9B0018F434 /* Debug */ = {
			isa = XCBuildConfiguration;
			buildSettings = {
				BUNDLE_LOADER = "$(TEST_HOST)";
				CODE_SIGN_STYLE = Automatic;
				CURRENT_PROJECT_VERSION = 1;
				GENERATE_INFOPLIST_FILE = YES;
				IPHONEOS_DEPLOYMENT_TARGET = 18.2;
				MARKETING_VERSION = 1.0;
				PRODUCT_BUNDLE_IDENTIFIER = XcodeFix.com.YouverifyTests;
				PRODUCT_NAME = "$(TARGET_NAME)";
				SWIFT_EMIT_LOC_STRINGS = NO;
				SWIFT_VERSION = 5.0;
				TARGETED_DEVICE_FAMILY = "1,2";
				TEST_HOST = "$(BUILT_PRODUCTS_DIR)/Youverify.app/$(BUNDLE_EXECUTABLE_FOLDER_PATH)/Youverify";
			};
			name = Debug;
		};
		D020FE802D827F9B0018F434 /* Release */ = {
			isa = XCBuildConfiguration;
			buildSettings = {
				BUNDLE_LOADER = "$(TEST_HOST)";
				CODE_SIGN_STYLE = Automatic;
				CURRENT_PROJECT_VERSION = 1;
				GENERATE_INFOPLIST_FILE = YES;
				IPHONEOS_DEPLOYMENT_TARGET = 18.2;
				MARKETING_VERSION = 1.0;
				PRODUCT_BUNDLE_IDENTIFIER = XcodeFix.com.YouverifyTests;
				PRODUCT_NAME = "$(TARGET_NAME)";
				SWIFT_EMIT_LOC_STRINGS = NO;
				SWIFT_VERSION = 5.0;
				TARGETED_DEVICE_FAMILY = "1,2";
				TEST_HOST = "$(BUILT_PRODUCTS_DIR)/Youverify.app/$(BUNDLE_EXECUTABLE_FOLDER_PATH)/Youverify";
			};
			name = Release;
		};
		D020FE822D827F9B0018F434 /* Debug */ = {
			isa = XCBuildConfiguration;
			buildSettings = {
				CODE_SIGN_STYLE = Automatic;
				CURRENT_PROJECT_VERSION = 1;
				GENERATE_INFOPLIST_FILE = YES;
				MARKETING_VERSION = 1.0;
				PRODUCT_BUNDLE_IDENTIFIER = XcodeFix.com.YouverifyUITests;
				PRODUCT_NAME = "$(TARGET_NAME)";
				SWIFT_EMIT_LOC_STRINGS = NO;
				SWIFT_VERSION = 5.0;
				TARGETED_DEVICE_FAMILY = "1,2";
				TEST_TARGET_NAME = Youverify;
			};
			name = Debug;
		};
		D020FE832D827F9B0018F434 /* Release */ = {
			isa = XCBuildConfiguration;
			buildSettings = {
				CODE_SIGN_STYLE = Automatic;
				CURRENT_PROJECT_VERSION = 1;
				GENERATE_INFOPLIST_FILE = YES;
				MARKETING_VERSION = 1.0;
				PRODUCT_BUNDLE_IDENTIFIER = XcodeFix.com.YouverifyUITests;
				PRODUCT_NAME = "$(TARGET_NAME)";
				SWIFT_EMIT_LOC_STRINGS = NO;
				SWIFT_VERSION = 5.0;
				TARGETED_DEVICE_FAMILY = "1,2";
				TEST_TARGET_NAME = Youverify;
			};
			name = Release;
		};
/* End XCBuildConfiguration section */

/* Begin XCConfigurationList section */
		D020FE522D827F9A0018F434 /* Build configuration list for PBXProject "Youverify" */ = {
			isa = XCConfigurationList;
			buildConfigurations = (
				D020FE792D827F9B0018F434 /* Debug */,
				D020FE7A2D827F9B0018F434 /* Release */,
			);
			defaultConfigurationIsVisible = 0;
			defaultConfigurationName = Release;
		};
		D020FE7B2D827F9B0018F434 /* Build configuration list for PBXNativeTarget "Youverify" */ = {
			isa = XCConfigurationList;
			buildConfigurations = (
				D020FE7C2D827F9B0018F434 /* Debug */,
				D020FE7D2D827F9B0018F434 /* Release */,
			);
			defaultConfigurationIsVisible = 0;
			defaultConfigurationName = Release;
		};
		D020FE7E2D827F9B0018F434 /* Build configuration list for PBXNativeTarget "YouverifyTests" */ = {
			isa = XCConfigurationList;
			buildConfigurations = (
				D020FE7F2D827F9B0018F434 /* Debug */,
				D020FE802D827F9B0018F434 /* Release */,
			);
			defaultConfigurationIsVisible = 0;
			defaultConfigurationName = Release;
		};
		D020FE812D827F9B0018F434 /* Build configuration list for PBXNativeTarget "YouverifyUITests" */ = {
			isa = XCConfigurationList;
			buildConfigurations = (
				D020FE822D827F9B0018F434 /* Debug */,
				D020FE832D827F9B0018F434 /* Release */,
			);
			defaultConfigurationIsVisible = 0;
			defaultConfigurationName = Release;
		};
/* End XCConfigurationList section */
	};
	rootObject = D020FE4F2D827F9A0018F434 /* Project object */;
}
