// !$*UTF8*$!
{
	archiveVersion = 1;
	classes = {
	};
	objectVersion = 77;
	objects = {

/* Begin PBXBuildFile section */
		D020FE8A2D827FA30018F434 /* Preview Assets.xcassets in Resources */ = {isa = PBXBuildFile; fileRef = D020FE842D827FA30018F434 /* Preview Assets.xcassets */; };
		D020FE8B2D827FA30018F434 /* Assets.xcassets in Resources */ = {isa = PBXBuildFile; fileRef = D020FE862D827FA30018F434 /* Assets.xcassets */; };
		D020FE8C2D827FA30018F434 /* ContentView.swift in Sources */ = {isa = PBXBuildFile; fileRef = D020FE872D827FA30018F434 /* ContentView.swift */; };
		D020FE8D2D827FA30018F434 /* YouverifyApp.swift in Sources */ = {isa = PBXBuildFile; fileRef = D020FE882D827FA30018F434 /* YouverifyApp.swift */; };
		D020FE902D827FA70018F434 /* YouverifyTests.swift in Sources */ = {isa = PBXBuildFile; fileRef = D020FE8E2D827FA70018F434 /* YouverifyTests.swift */; };
		D020FE942D827FAA0018F434 /* YouverifyUITests.swift in Sources */ = {isa = PBXBuildFile; fileRef = D020FE912D827FAA0018F434 /* YouverifyUITests.swift */; };
		D020FE952D827FAA0018F434 /* YouverifyUITestsLaunchTests.swift in Sources */ = {isa = PBXBuildFile; fileRef = D020FE922D827FAA0018F434 /* YouverifyUITestsLaunchTests.swift */; };
		D020FEA82D82D5280018F434 /* ApiManager.swift in Sources */ = {isa = PBXBuildFile; fileRef = D020FEA72D82D5280018F434 /* ApiManager.swift */; };
		D020FEAB2D82D5BE0018F434 /* MealModel.swift in Sources */ = {isa = PBXBuildFile; fileRef = D020FEAA2D82D5BE0018F434 /* MealModel.swift */; };
		D020FEAE2D82DED10018F434 /* SignInView.swift in Sources */ = {isa = PBXBuildFile; fileRef = D020FEAD2D82DED10018F434 /* SignInView.swift */; };
		D020FEB12D82E0650018F434 /* FirebaseAnalytics in Frameworks */ = {isa = PBXBuildFile; productRef = D020FEB02D82E0650018F434 /* FirebaseAnalytics */; };
		D020FEB32D82E0650018F434 /* FirebaseAuth in Frameworks */ = {isa = PBXBuildFile; productRef = D020FEB22D82E0650018F434 /* FirebaseAuth */; };
		D020FEB52D82E0650018F434 /* FirebaseCore in Frameworks */ = {isa = PBXBuildFile; productRef = D020FEB42D82E0650018F434 /* FirebaseCore */; };
		D020FEB72D82E0650018F434 /* FirebaseFirestore in Frameworks */ = {isa = PBXBuildFile; productRef = D020FEB62D82E0650018F434 /* FirebaseFirestore */; };
		D020FEB92D82E0650018F434 /* FirebaseMessaging in Frameworks */ = {isa = PBXBuildFile; productRef = D020FEB82D82E0650018F434 /* FirebaseMessaging */; };
		D020FEBB2D82E0650018F434 /* FirebaseStorage in Frameworks */ = {isa = PBXBuildFile; productRef = D020FEBA2D82E0650018F434 /* FirebaseStorage */; };
		D020FEBD2D82EBAE0018F434 /* GoogleService-Info.plist in Resources */ = {isa = PBXBuildFile; fileRef = D020FEBC2D82EBAE0018F434 /* GoogleService-Info.plist */; };
		D020FEC02D82EC3C0018F434 /* Modifiers.swift in Sources */ = {isa = PBXBuildFile; fileRef = D020FEBF2D82EC3C0018F434 /* Modifiers.swift */; };
		D020FEC32D82ECAB0018F434 /* DesertViewModel.swift in Sources */ = {isa = PBXBuildFile; fileRef = D020FEC22D82ECAB0018F434 /* DesertViewModel.swift */; };
		D020FEC52D82ECF50018F434 /* BrowseView.swift in Sources */ = {isa = PBXBuildFile; fileRef = D020FEC42D82ECF50018F434 /* BrowseView.swift */; };
		D020FEC82D82ED220018F434 /* DescriptiveView.swift in Sources */ = {isa = PBXBuildFile; fileRef = D020FEC72D82ED220018F434 /* DescriptiveView.swift */; };
		D020FECB2D82ED500018F434 /* DescriptiveShowView.swift in Sources */ = {isa = PBXBuildFile; fileRef = D020FECA2D82ED500018F434 /* DescriptiveShowView.swift */; };
		D020FED02D82EEB20018F434 /* Dessert.xcdatamodeld in Sources */ = {isa = PBXBuildFile; fileRef = D020FECE2D82EEB20018F434 /* Dessert.xcdatamodeld */; };
		D020FED22D82EEE20018F434 /* DessertCoreDataViewmodel.swift in Sources */ = {isa = PBXBuildFile; fileRef = D020FED12D82EEE20018F434 /* DessertCoreDataViewmodel.swift */; };
		D020FED42D82EF0A0018F434 /* SettingsView.swift in Sources */ = {isa = PBXBuildFile; fileRef = D020FED32D82EF0A0018F434 /* SettingsView.swift */; };
		D020FED62D82EF1C0018F434 /* SignUpView.swift in Sources */ = {isa = PBXBuildFile; fileRef = D020FED52D82EF1C0018F434 /* SignUpView.swift */; };
		D020FED82D82EF2C0018F434 /* ProfileView.swift in Sources */ = {isa = PBXBuildFile; fileRef = D020FED72D82EF2C0018F434 /* ProfileView.swift */; };
		D020FEDA2D82EF360018F434 /* FavouritesView.swift in Sources */ = {isa = PBXBuildFile; fileRef = D020FED92D82EF360018F434 /* FavouritesView.swift */; };
		D020FEDC2D82EF4F0018F434 /* ScrollSection.swift in Sources */ = {isa = PBXBuildFile; fileRef = D020FEDB2D82EF4F0018F434 /* ScrollSection.swift */; };
		D020FEDE2D82EF6B0018F434 /* TabBar.swift in Sources */ = {isa = PBXBuildFile; fileRef = D020FEDD2D82EF6B0018F434 /* TabBar.swift */; };
		D020FEE02D82F0C50018F434 /* Launch Screen.storyboard in Resources */ = {isa = PBXBuildFile; fileRef = D020FEDF2D82F0C50018F434 /* Launch Screen.storyboard */; };
		D020FEE22D82F0F60018F434 /* WelcomeScreen.swift in Sources */ = {isa = PBXBuildFile; fileRef = D020FEE12D82F0F60018F434 /* WelcomeScreen.swift */; };
		D020FEE52D82FEF50018F434 /* Previews.swift in Sources */ = {isa = PBXBuildFile; fileRef = D020FEE42D82FEF50018F434 /* Previews.swift */; };
/* End PBXBuildFile section */

/* Begin PBXContainerItemProxy section */
		D020FE682D827F9B0018F434 /* PBXContainerItemProxy */ = {
			isa = PBXContainerItemProxy;
			containerPortal = D020FE4F2D827F9A0018F434 /* Project object */;
			proxyType = 1;
			remoteGlobalIDString = D020FE562D827F9A0018F434;
			remoteInfo = Youverify;
		};
		D020FE722D827F9B0018F434 /* PBXContainerItemProxy */ = {
			isa = PBXContainerItemProxy;
			containerPortal = D020FE4F2D827F9A0018F434 /* Project object */;
			proxyType = 1;
			remoteGlobalIDString = D020FE562D827F9A0018F434;
			remoteInfo = Youverify;
		};
/* End PBXContainerItemProxy section */

/* Begin PBXFileReference section */
		D020FE572D827F9A0018F434 /* Youverify.app */ = {isa = PBXFileReference; explicitFileType = wrapper.application; includeInIndex = 0; path = Youverify.app; sourceTree = BUILT_PRODUCTS_DIR; };
		D020FE672D827F9B0018F434 /* YouverifyTests.xctest */ = {isa = PBXFileReference; explicitFileType = wrapper.cfbundle; includeInIndex = 0; path = YouverifyTests.xctest; sourceTree = BUILT_PRODUCTS_DIR; };
		D020FE712D827F9B0018F434 /* YouverifyUITests.xctest */ = {isa = PBXFileReference; explicitFileType = wrapper.cfbundle; includeInIndex = 0; path = YouverifyUITests.xctest; sourceTree = BUILT_PRODUCTS_DIR; };
		D020FE842D827FA30018F434 /* Preview Assets.xcassets */ = {isa = PBXFileReference; lastKnownFileType = folder.assetcatalog; path = "Preview Assets.xcassets"; sourceTree = "<group>"; };
		D020FE862D827FA30018F434 /* Assets.xcassets */ = {isa = PBXFileReference; lastKnownFileType = folder.assetcatalog; path = Assets.xcassets; sourceTree = "<group>"; };
		D020FE872D827FA30018F434 /* ContentView.swift */ = {isa = PBXFileReference; lastKnownFileType = sourcecode.swift; path = ContentView.swift; sourceTree = "<group>"; };
		D020FE882D827FA30018F434 /* YouverifyApp.swift */ = {isa = PBXFileReference; lastKnownFileType = sourcecode.swift; path = YouverifyApp.swift; sourceTree = "<group>"; };
		D020FE8E2D827FA70018F434 /* YouverifyTests.swift */ = {isa = PBXFileReference; lastKnownFileType = sourcecode.swift; path = YouverifyTests.swift; sourceTree = "<group>"; };
		D020FE912D827FAA0018F434 /* YouverifyUITests.swift */ = {isa = PBXFileReference; lastKnownFileType = sourcecode.swift; path = YouverifyUITests.swift; sourceTree = "<group>"; };
		D020FE922D827FAA0018F434 /* YouverifyUITestsLaunchTests.swift */ = {isa = PBXFileReference; lastKnownFileType = sourcecode.swift; path = YouverifyUITestsLaunchTests.swift; sourceTree = "<group>"; };
		D020FEA72D82D5280018F434 /* ApiManager.swift */ = {isa = PBXFileReference; lastKnownFileType = sourcecode.swift; path = ApiManager.swift; sourceTree = "<group>"; };
		D020FEAA2D82D5BE0018F434 /* MealModel.swift */ = {isa = PBXFileReference; lastKnownFileType = sourcecode.swift; path = MealModel.swift; sourceTree = "<group>"; };
		D020FEAD2D82DED10018F434 /* SignInView.swift */ = {isa = PBXFileReference; lastKnownFileType = sourcecode.swift; path = SignInView.swift; sourceTree = "<group>"; };
		D020FEBC2D82EBAE0018F434 /* GoogleService-Info.plist */ = {isa = PBXFileReference; lastKnownFileType = text.plist.xml; path = "GoogleService-Info.plist"; sourceTree = "<group>"; };
		D020FEBF2D82EC3C0018F434 /* Modifiers.swift */ = {isa = PBXFileReference; lastKnownFileType = sourcecode.swift; path = Modifiers.swift; sourceTree = "<group>"; };
		D020FEC22D82ECAB0018F434 /* DesertViewModel.swift */ = {isa = PBXFileReference; lastKnownFileType = sourcecode.swift; path = DesertViewModel.swift; sourceTree = "<group>"; };
		D020FEC42D82ECF50018F434 /* BrowseView.swift */ = {isa = PBXFileReference; lastKnownFileType = sourcecode.swift; path = BrowseView.swift; sourceTree = "<group>"; };
		D020FEC72D82ED220018F434 /* DescriptiveView.swift */ = {isa = PBXFileReference; lastKnownFileType = sourcecode.swift; path = DescriptiveView.swift; sourceTree = "<group>"; };
		D020FECA2D82ED500018F434 /* DescriptiveShowView.swift */ = {isa = PBXFileReference; lastKnownFileType = sourcecode.swift; path = DescriptiveShowView.swift; sourceTree = "<group>"; };
		D020FECF2D82EEB20018F434 /* Dessert.xcdatamodel */ = {isa = PBXFileReference; lastKnownFileType = wrapper.xcdatamodel; path = Dessert.xcdatamodel; sourceTree = "<group>"; };
		D020FED12D82EEE20018F434 /* DessertCoreDataViewmodel.swift */ = {isa = PBXFileReference; lastKnownFileType = sourcecode.swift; path = DessertCoreDataViewmodel.swift; sourceTree = "<group>"; };
		D020FED32D82EF0A0018F434 /* SettingsView.swift */ = {isa = PBXFileReference; lastKnownFileType = sourcecode.swift; path = SettingsView.swift; sourceTree = "<group>"; };
		D020FED52D82EF1C0018F434 /* SignUpView.swift */ = {isa = PBXFileReference; lastKnownFileType = sourcecode.swift; path = SignUpView.swift; sourceTree = "<group>"; };
		D020FED72D82EF2C0018F434 /* ProfileView.swift */ = {isa = PBXFileReference; lastKnownFileType = sourcecode.swift; path = ProfileView.swift; sourceTree = "<group>"; };
		D020FED92D82EF360018F434 /* FavouritesView.swift */ = {isa = PBXFileReference; lastKnownFileType = sourcecode.swift; path = FavouritesView.swift; sourceTree = "<group>"; };
		D020FEDB2D82EF4F0018F434 /* ScrollSection.swift */ = {isa = PBXFileReference; lastKnownFileType = sourcecode.swift; path = ScrollSection.swift; sourceTree = "<group>"; };
		D020FEDD2D82EF6B0018F434 /* TabBar.swift */ = {isa = PBXFileReference; lastKnownFileType = sourcecode.swift; path = TabBar.swift; sourceTree = "<group>"; };
		D020FEDF2D82F0C50018F434 /* Launch Screen.storyboard */ = {isa = PBXFileReference; lastKnownFileType = file.storyboard; path = "Launch Screen.storyboard"; sourceTree = "<group>"; };
		D020FEE12D82F0F60018F434 /* WelcomeScreen.swift */ = {isa = PBXFileReference; lastKnownFileType = sourcecode.swift; path = WelcomeScreen.swift; sourceTree = "<group>"; };
		D020FEE42D82FEF50018F434 /* Previews.swift */ = {isa = PBXFileReference; lastKnownFileType = sourcecode.swift; path = Previews.swift; sourceTree = "<group>"; };
/* End PBXFileReference section */

/* Begin PBXFrameworksBuildPhase section */
		D020FE542D827F9A0018F434 /* Frameworks */ = {
			isa = PBXFrameworksBuildPhase;
			buildActionMask = 2147483647;
			files = (
				D020FEB12D82E0650018F434 /* FirebaseAnalytics in Frameworks */,
				D020FEB72D82E0650018F434 /* FirebaseFirestore in Frameworks */,
				D020FEB92D82E0650018F434 /* FirebaseMessaging in Frameworks */,
				D020FEB52D82E0650018F434 /* FirebaseCore in Frameworks */,
				D020FEB32D82E0650018F434 /* FirebaseAuth in Frameworks */,
				D020FEBB2D82E0650018F434 /* FirebaseStorage in Frameworks */,
			);
			runOnlyForDeploymentPostprocessing = 0;
		};
		D020FE642D827F9B0018F434 /* Frameworks */ = {
			isa = PBXFrameworksBuildPhase;
			buildActionMask = 2147483647;
			files = (
			);
			runOnlyForDeploymentPostprocessing = 0;
		};
		D020FE6E2D827F9B0018F434 /* Frameworks */ = {
			isa = PBXFrameworksBuildPhase;
			buildActionMask = 2147483647;
			files = (
			);
			runOnlyForDeploymentPostprocessing = 0;
		};
/* End PBXFrameworksBuildPhase section */

/* Begin PBXGroup section */
		D020FE4E2D827F9A0018F434 = {
			isa = PBXGroup;
			children = (
				D020FE892D827FA30018F434 /* Youverify */,
				D020FE8F2D827FA70018F434 /* YouverifyTests */,
				D020FE932D827FAA0018F434 /* YouverifyUITests */,
				D020FE582D827F9A0018F434 /* Products */,
			);
			sourceTree = "<group>";
		};
		D020FE582D827F9A0018F434 /* Products */ = {
			isa = PBXGroup;
			children = (
				D020FE572D827F9A0018F434 /* Youverify.app */,
				D020FE672D827F9B0018F434 /* YouverifyTests.xctest */,
				D020FE712D827F9B0018F434 /* YouverifyUITests.xctest */,
			);
			name = Products;
			sourceTree = "<group>";
		};
		D020FE852D827FA30018F434 /* Preview Content */ = {
			isa = PBXGroup;
			children = (
				D020FE842D827FA30018F434 /* Preview Assets.xcassets */,
			);
			path = "Preview Content";
			sourceTree = "<group>";
		};
		D020FE892D827FA30018F434 /* Youverify */ = {
			isa = PBXGroup;
			children = (
				D020FEE32D82FE570018F434 /* Previews */,
				D020FEC92D82ED490018F434 /* Components */,
				D020FEBE2D82EC290018F434 /* Extension */,
				D020FEBC2D82EBAE0018F434 /* GoogleService-Info.plist */,
				D020FEC12D82EC8F0018F434 /* ViewModels */,
				D020FEAC2D82DE4F0018F434 /* Views */,
				D020FEA92D82D5A70018F434 /* Models */,
				D020FEA62D82D5160018F434 /* Manager */,
				D020FE852D827FA30018F434 /* Preview Content */,
				D020FE862D827FA30018F434 /* Assets.xcassets */,
				D020FEDF2D82F0C50018F434 /* Launch Screen.storyboard */,
				D020FE872D827FA30018F434 /* ContentView.swift */,
				D020FE882D827FA30018F434 /* YouverifyApp.swift */,
				D020FEE12D82F0F60018F434 /* WelcomeScreen.swift */,
			);
			path = Youverify;
			sourceTree = "<group>";
		};
		D020FE8F2D827FA70018F434 /* YouverifyTests */ = {
			isa = PBXGroup;
			children = (
				D020FE8E2D827FA70018F434 /* YouverifyTests.swift */,
			);
			path = YouverifyTests;
			sourceTree = "<group>";
		};
		D020FE932D827FAA0018F434 /* YouverifyUITests */ = {
			isa = PBXGroup;
			children = (
				D020FE912D827FAA0018F434 /* YouverifyUITests.swift */,
				D020FE922D827FAA0018F434 /* YouverifyUITestsLaunchTests.swift */,
			);
			path = YouverifyUITests;
			sourceTree = "<group>";
		};
		D020FEA62D82D5160018F434 /* Manager */ = {
			isa = PBXGroup;
			children = (
				D020FED12D82EEE20018F434 /* DessertCoreDataViewmodel.swift */,
				D020FEA72D82D5280018F434 /* ApiManager.swift */,
				D020FECE2D82EEB20018F434 /* Dessert.xcdatamodeld */,
			);
			path = Manager;
			sourceTree = "<group>";
		};
		D020FEA92D82D5A70018F434 /* Models */ = {
			isa = PBXGroup;
			children = (
				D020FEAA2D82D5BE0018F434 /* MealModel.swift */,
			);
			path = Models;
			sourceTree = "<group>";
		};
		D020FEAC2D82DE4F0018F434 /* Views */ = {
			isa = PBXGroup;
			children = (
				D020FED32D82EF0A0018F434 /* SettingsView.swift */,
				D020FED52D82EF1C0018F434 /* SignUpView.swift */,
				D020FED72D82EF2C0018F434 /* ProfileView.swift */,
				D020FED92D82EF360018F434 /* FavouritesView.swift */,
				D020FEAD2D82DED10018F434 /* SignInView.swift */,
				D020FEC42D82ECF50018F434 /* BrowseView.swift */,
				D020FEDD2D82EF6B0018F434 /* TabBar.swift */,
				D020FEC62D82ED150018F434 /* DescriptiveViews */,
			);
			path = Views;
			sourceTree = "<group>";
		};
		D020FEBE2D82EC290018F434 /* Extension */ = {
			isa = PBXGroup;
			children = (
				D020FEBF2D82EC3C0018F434 /* Modifiers.swift */,
			);
			path = Extension;
			sourceTree = "<group>";
		};
		D020FEC12D82EC8F0018F434 /* ViewModels */ = {
			isa = PBXGroup;
			children = (
				D020FEC22D82ECAB0018F434 /* DesertViewModel.swift */,
			);
			path = ViewModels;
			sourceTree = "<group>";
		};
		D020FEC62D82ED150018F434 /* DescriptiveViews */ = {
			isa = PBXGroup;
			children = (
				D020FEC72D82ED220018F434 /* DescriptiveView.swift */,
			);
			path = DescriptiveViews;
			sourceTree = "<group>";
		};
		D020FEC92D82ED490018F434 /* Components */ = {
			isa = PBXGroup;
			children = (
				D020FEDB2D82EF4F0018F434 /* ScrollSection.swift */,
				D020FECA2D82ED500018F434 /* DescriptiveShowView.swift */,
			);
			path = Components;
			sourceTree = "<group>";
		};
		D020FEE32D82FE570018F434 /* Previews */ = {
			isa = PBXGroup;
			children = (
				D020FEE42D82FEF50018F434 /* Previews.swift */,
			);
			path = Previews;
			sourceTree = "<group>";
		};
/* End PBXGroup section */

/* Begin PBXNativeTarget section */
		D020FE562D827F9A0018F434 /* Youverify */ = {
			isa = PBXNativeTarget;
			buildConfigurationList = D020FE7B2D827F9B0018F434 /* Build configuration list for PBXNativeTarget "Youverify" */;
			buildPhases = (
				D020FE532D827F9A0018F434 /* Sources */,
				D020FE542D827F9A0018F434 /* Frameworks */,
				D020FE552D827F9A0018F434 /* Resources */,
			);
			buildRules = (
			);
			dependencies = (
			);
			name = Youverify;
			packageProductDependencies = (
				D020FEB02D82E0650018F434 /* FirebaseAnalytics */,
				D020FEB22D82E0650018F434 /* FirebaseAuth */,
				D020FEB42D82E0650018F434 /* FirebaseCore */,
				D020FEB62D82E0650018F434 /* FirebaseFirestore */,
				D020FEB82D82E0650018F434 /* FirebaseMessaging */,
				D020FEBA2D82E0650018F434 /* FirebaseStorage */,
			);
			productName = Youverify;
			productReference = D020FE572D827F9A0018F434 /* Youverify.app */;
			productType = "com.apple.product-type.application";
		};
		D020FE662D827F9B0018F434 /* YouverifyTests */ = {
			isa = PBXNativeTarget;
			buildConfigurationList = D020FE7E2D827F9B0018F434 /* Build configuration list for PBXNativeTarget "YouverifyTests" */;
			buildPhases = (
				D020FE632D827F9B0018F434 /* Sources */,
				D020FE642D827F9B0018F434 /* Frameworks */,
				D020FE652D827F9B0018F434 /* Resources */,
			);
			buildRules = (
			);
			dependencies = (
				D020FE692D827F9B0018F434 /* PBXTargetDependency */,
			);
			name = YouverifyTests;
			packageProductDependencies = (
			);
			productName = YouverifyTests;
			productReference = D020FE672D827F9B0018F434 /* YouverifyTests.xctest */;
			productType = "com.apple.product-type.bundle.unit-test";
		};
		D020FE702D827F9B0018F434 /* YouverifyUITests */ = {
			isa = PBXNativeTarget;
			buildConfigurationList = D020FE812D827F9B0018F434 /* Build configuration list for PBXNativeTarget "YouverifyUITests" */;
			buildPhases = (
				D020FE6D2D827F9B0018F434 /* Sources */,
				D020FE6E2D827F9B0018F434 /* Frameworks */,
				D020FE6F2D827F9B0018F434 /* Resources */,
			);
			buildRules = (
			);
			dependencies = (
				D020FE732D827F9B0018F434 /* PBXTargetDependency */,
			);
			name = YouverifyUITests;
			packageProductDependencies = (
			);
			productName = YouverifyUITests;
			productReference = D020FE712D827F9B0018F434 /* YouverifyUITests.xctest */;
			productType = "com.apple.product-type.bundle.ui-testing";
		};
/* End PBXNativeTarget section */

/* Begin PBXProject section */
		D020FE4F2D827F9A0018F434 /* Project object */ = {
			isa = PBXProject;
			attributes = {
				BuildIndependentTargetsInParallel = 1;
				LastSwiftUpdateCheck = 1620;
				LastUpgradeCheck = 1620;
				TargetAttributes = {
					D020FE562D827F9A0018F434 = {
						CreatedOnToolsVersion = 16.2;
					};
					D020FE662D827F9B0018F434 = {
						CreatedOnToolsVersion = 16.2;
						TestTargetID = D020FE562D827F9A0018F434;
					};
					D020FE702D827F9B0018F434 = {
						CreatedOnToolsVersion = 16.2;
						TestTargetID = D020FE562D827F9A0018F434;
					};
				};
			};
			buildConfigurationList = D020FE522D827F9A0018F434 /* Build configuration list for PBXProject "Youverify" */;
			developmentRegion = en;
			hasScannedForEncodings = 0;
			knownRegions = (
				en,
				Base,
			);
			mainGroup = D020FE4E2D827F9A0018F434;
			minimizedProjectReferenceProxies = 1;
			packageReferences = (
				D020FEAF2D82E0650018F434 /* XCRemoteSwiftPackageReference "firebase-ios-sdk" */,
			);
			preferredProjectObjectVersion = 77;
			productRefGroup = D020FE582D827F9A0018F434 /* Products */;
			projectDirPath = "";
			projectRoot = "";
			targets = (
				D020FE562D827F9A0018F434 /* Youverify */,
				D020FE662D827F9B0018F434 /* YouverifyTests */,
				D020FE702D827F9B0018F434 /* YouverifyUITests */,
			);
		};
/* End PBXProject section */

/* Begin PBXResourcesBuildPhase section */
		D020FE552D827F9A0018F434 /* Resources */ = {
			isa = PBXResourcesBuildPhase;
			buildActionMask = 2147483647;
			files = (
				D020FE8A2D827FA30018F434 /* Preview Assets.xcassets in Resources */,
				D020FE8B2D827FA30018F434 /* Assets.xcassets in Resources */,
				D020FEE02D82F0C50018F434 /* Launch Screen.storyboard in Resources */,
				D020FEBD2D82EBAE0018F434 /* GoogleService-Info.plist in Resources */,
			);
			runOnlyForDeploymentPostprocessing = 0;
		};
		D020FE652D827F9B0018F434 /* Resources */ = {
			isa = PBXResourcesBuildPhase;
			buildActionMask = 2147483647;
			files = (
			);
			runOnlyForDeploymentPostprocessing = 0;
		};
		D020FE6F2D827F9B0018F434 /* Resources */ = {
			isa = PBXResourcesBuildPhase;
			buildActionMask = 2147483647;
			files = (
			);
			runOnlyForDeploymentPostprocessing = 0;
		};
/* End PBXResourcesBuildPhase section */

/* Begin PBXSourcesBuildPhase section */
		D020FE532D827F9A0018F434 /* Sources */ = {
			isa = PBXSourcesBuildPhase;
			buildActionMask = 2147483647;
			files = (
				D020FEE22D82F0F60018F434 /* WelcomeScreen.swift in Sources */,
				D020FEC52D82ECF50018F434 /* BrowseView.swift in Sources */,
				D020FEC82D82ED220018F434 /* DescriptiveView.swift in Sources */,
				D020FEDA2D82EF360018F434 /* FavouritesView.swift in Sources */,
				D020FE8C2D827FA30018F434 /* ContentView.swift in Sources */,
				D020FEA82D82D5280018F434 /* ApiManager.swift in Sources */,
				D020FEAB2D82D5BE0018F434 /* MealModel.swift in Sources */,
				D020FE8D2D827FA30018F434 /* YouverifyApp.swift in Sources */,
				D020FED22D82EEE20018F434 /* DessertCoreDataViewmodel.swift in Sources */,
				D020FED82D82EF2C0018F434 /* ProfileView.swift in Sources */,
				D020FEDE2D82EF6B0018F434 /* TabBar.swift in Sources */,
				D020FED02D82EEB20018F434 /* Dessert.xcdatamodeld in Sources */,
				D020FEC02D82EC3C0018F434 /* Modifiers.swift in Sources */,
				D020FEAE2D82DED10018F434 /* SignInView.swift in Sources */,
				D020FEDC2D82EF4F0018F434 /* ScrollSection.swift in Sources */,
				D020FED62D82EF1C0018F434 /* SignUpView.swift in Sources */,
				D020FECB2D82ED500018F434 /* DescriptiveShowView.swift in Sources */,
				D020FEC32D82ECAB0018F434 /* DesertViewModel.swift in Sources */,
				D020FEE52D82FEF50018F434 /* Previews.swift in Sources */,
				D020FED42D82EF0A0018F434 /* SettingsView.swift in Sources */,
			);
			runOnlyForDeploymentPostprocessing = 0;
		};
		D020FE632D827F9B0018F434 /* Sources */ = {
			isa = PBXSourcesBuildPhase;
			buildActionMask = 2147483647;
			files = (
				D020FE902D827FA70018F434 /* YouverifyTests.swift in Sources */,
			);
			runOnlyForDeploymentPostprocessing = 0;
		};
		D020FE6D2D827F9B0018F434 /* Sources */ = {
			isa = PBXSourcesBuildPhase;
			buildActionMask = 2147483647;
			files = (
				D020FE942D827FAA0018F434 /* YouverifyUITests.swift in Sources */,
				D020FE952D827FAA0018F434 /* YouverifyUITestsLaunchTests.swift in Sources */,
			);
			runOnlyForDeploymentPostprocessing = 0;
		};
/* End PBXSourcesBuildPhase section */

/* Begin PBXTargetDependency section */
		D020FE692D827F9B0018F434 /* PBXTargetDependency */ = {
			isa = PBXTargetDependency;
			target = D020FE562D827F9A0018F434 /* Youverify */;
			targetProxy = D020FE682D827F9B0018F434 /* PBXContainerItemProxy */;
		};
		D020FE732D827F9B0018F434 /* PBXTargetDependency */ = {
			isa = PBXTargetDependency;
			target = D020FE562D827F9A0018F434 /* Youverify */;
			targetProxy = D020FE722D827F9B0018F434 /* PBXContainerItemProxy */;
		};
/* End PBXTargetDependency section */

/* Begin XCBuildConfiguration section */
		D020FE792D827F9B0018F434 /* Debug */ = {
			isa = XCBuildConfiguration;
			buildSettings = {
				ALWAYS_SEARCH_USER_PATHS = NO;
				ASSETCATALOG_COMPILER_GENERATE_SWIFT_ASSET_SYMBOL_EXTENSIONS = YES;
				CLANG_ANALYZER_NONNULL = YES;
				CLANG_ANALYZER_NUMBER_OBJECT_CONVERSION = YES_AGGRESSIVE;
				CLANG_CXX_LANGUAGE_STANDARD = "gnu++20";
				CLANG_ENABLE_MODULES = YES;
				CLANG_ENABLE_OBJC_ARC = YES;
				CLANG_ENABLE_OBJC_WEAK = YES;
				CLANG_WARN_BLOCK_CAPTURE_AUTORELEASING = YES;
				CLANG_WARN_BOOL_CONVERSION = YES;
				CLANG_WARN_COMMA = YES;
				CLANG_WARN_CONSTANT_CONVERSION = YES;
				CLANG_WARN_DEPRECATED_OBJC_IMPLEMENTATIONS = YES;
				CLANG_WARN_DIRECT_OBJC_ISA_USAGE = YES_ERROR;
				CLANG_WARN_DOCUMENTATION_COMMENTS = YES;
				CLANG_WARN_EMPTY_BODY = YES;
				CLANG_WARN_ENUM_CONVERSION = YES;
				CLANG_WARN_INFINITE_RECURSION = YES;
				CLANG_WARN_INT_CONVERSION = YES;
				CLANG_WARN_NON_LITERAL_NULL_CONVERSION = YES;
				CLANG_WARN_OBJC_IMPLICIT_RETAIN_SELF = YES;
				CLANG_WARN_OBJC_LITERAL_CONVERSION = YES;
				CLANG_WARN_OBJC_ROOT_CLASS = YES_ERROR;
				CLANG_WARN_QUOTED_INCLUDE_IN_FRAMEWORK_HEADER = YES;
				CLANG_WARN_RANGE_LOOP_ANALYSIS = YES;
				CLANG_WARN_STRICT_PROTOTYPES = YES;
				CLANG_WARN_SUSPICIOUS_MOVE = YES;
				CLANG_WARN_UNGUARDED_AVAILABILITY = YES_AGGRESSIVE;
				CLANG_WARN_UNREACHABLE_CODE = YES;
				CLANG_WARN__DUPLICATE_METHOD_MATCH = YES;
				COPY_PHASE_STRIP = NO;
				DEBUG_INFORMATION_FORMAT = dwarf;
				ENABLE_STRICT_OBJC_MSGSEND = YES;
				ENABLE_TESTABILITY = YES;
				ENABLE_USER_SCRIPT_SANDBOXING = YES;
				GCC_C_LANGUAGE_STANDARD = gnu17;
				GCC_DYNAMIC_NO_PIC = NO;
				GCC_NO_COMMON_BLOCKS = YES;
				GCC_OPTIMIZATION_LEVEL = 0;
				GCC_PREPROCESSOR_DEFINITIONS = (
					"DEBUG=1",
					"$(inherited)",
				);
				GCC_WARN_64_TO_32_BIT_CONVERSION = YES;
				GCC_WARN_ABOUT_RETURN_TYPE = YES_ERROR;
				GCC_WARN_UNDECLARED_SELECTOR = YES;
				GCC_WARN_UNINITIALIZED_AUTOS = YES_AGGRESSIVE;
				GCC_WARN_UNUSED_FUNCTION = YES;
				GCC_WARN_UNUSED_VARIABLE = YES;
				IPHONEOS_DEPLOYMENT_TARGET = 18.2;
				LOCALIZATION_PREFERS_STRING_CATALOGS = YES;
				MTL_ENABLE_DEBUG_INFO = INCLUDE_SOURCE;
				MTL_FAST_MATH = YES;
				ONLY_ACTIVE_ARCH = YES;
				SDKROOT = iphoneos;
				SWIFT_ACTIVE_COMPILATION_CONDITIONS = "DEBUG $(inherited)";
				SWIFT_OPTIMIZATION_LEVEL = "-Onone";
			};
			name = Debug;
		};
		D020FE7A2D827F9B0018F434 /* Release */ = {
			isa = XCBuildConfiguration;
			buildSettings = {
				ALWAYS_SEARCH_USER_PATHS = NO;
				ASSETCATALOG_COMPILER_GENERATE_SWIFT_ASSET_SYMBOL_EXTENSIONS = YES;
				CLANG_ANALYZER_NONNULL = YES;
				CLANG_ANALYZER_NUMBER_OBJECT_CONVERSION = YES_AGGRESSIVE;
				CLANG_CXX_LANGUAGE_STANDARD = "gnu++20";
				CLANG_ENABLE_MODULES = YES;
				CLANG_ENABLE_OBJC_ARC = YES;
				CLANG_ENABLE_OBJC_WEAK = YES;
				CLANG_WARN_BLOCK_CAPTURE_AUTORELEASING = YES;
				CLANG_WARN_BOOL_CONVERSION = YES;
				CLANG_WARN_COMMA = YES;
				CLANG_WARN_CONSTANT_CONVERSION = YES;
				CLANG_WARN_DEPRECATED_OBJC_IMPLEMENTATIONS = YES;
				CLANG_WARN_DIRECT_OBJC_ISA_USAGE = YES_ERROR;
				CLANG_WARN_DOCUMENTATION_COMMENTS = YES;
				CLANG_WARN_EMPTY_BODY = YES;
				CLANG_WARN_ENUM_CONVERSION = YES;
				CLANG_WARN_INFINITE_RECURSION = YES;
				CLANG_WARN_INT_CONVERSION = YES;
				CLANG_WARN_NON_LITERAL_NULL_CONVERSION = YES;
				CLANG_WARN_OBJC_IMPLICIT_RETAIN_SELF = YES;
				CLANG_WARN_OBJC_LITERAL_CONVERSION = YES;
				CLANG_WARN_OBJC_ROOT_CLASS = YES_ERROR;
				CLANG_WARN_QUOTED_INCLUDE_IN_FRAMEWORK_HEADER = YES;
				CLANG_WARN_RANGE_LOOP_ANALYSIS = YES;
				CLANG_WARN_STRICT_PROTOTYPES = YES;
				CLANG_WARN_SUSPICIOUS_MOVE = YES;
				CLANG_WARN_UNGUARDED_AVAILABILITY = YES_AGGRESSIVE;
				CLANG_WARN_UNREACHABLE_CODE = YES;
				CLANG_WARN__DUPLICATE_METHOD_MATCH = YES;
				COPY_PHASE_STRIP = NO;
				DEBUG_INFORMATION_FORMAT = "dwarf-with-dsym";
				ENABLE_NS_ASSERTIONS = NO;
				ENABLE_STRICT_OBJC_MSGSEND = YES;
				ENABLE_USER_SCRIPT_SANDBOXING = YES;
				GCC_C_LANGUAGE_STANDARD = gnu17;
				GCC_NO_COMMON_BLOCKS = YES;
				GCC_WARN_64_TO_32_BIT_CONVERSION = YES;
				GCC_WARN_ABOUT_RETURN_TYPE = YES_ERROR;
				GCC_WARN_UNDECLARED_SELECTOR = YES;
				GCC_WARN_UNINITIALIZED_AUTOS = YES_AGGRESSIVE;
				GCC_WARN_UNUSED_FUNCTION = YES;
				GCC_WARN_UNUSED_VARIABLE = YES;
				IPHONEOS_DEPLOYMENT_TARGET = 18.2;
				LOCALIZATION_PREFERS_STRING_CATALOGS = YES;
				MTL_ENABLE_DEBUG_INFO = NO;
				MTL_FAST_MATH = YES;
				SDKROOT = iphoneos;
				SWIFT_COMPILATION_MODE = wholemodule;
				VALIDATE_PRODUCT = YES;
			};
			name = Release;
		};
		D020FE7C2D827F9B0018F434 /* Debug */ = {
			isa = XCBuildConfiguration;
			buildSettings = {
				ASSETCATALOG_COMPILER_APPICON_NAME = AppIcon;
				ASSETCATALOG_COMPILER_GLOBAL_ACCENT_COLOR_NAME = AccentColor;
				CODE_SIGN_STYLE = Automatic;
				CURRENT_PROJECT_VERSION = 1;
				DEVELOPMENT_ASSET_PATHS = "\"Youverify/Preview Content\"";
				ENABLE_PREVIEWS = YES;
				GENERATE_INFOPLIST_FILE = YES;
				INFOPLIST_KEY_UIApplicationSceneManifest_Generation = YES;
				INFOPLIST_KEY_UIApplicationSupportsIndirectInputEvents = YES;
				INFOPLIST_KEY_UILaunchScreen_Generation = YES;
				INFOPLIST_KEY_UISupportedInterfaceOrientations_iPad = "UIInterfaceOrientationPortrait UIInterfaceOrientationPortraitUpsideDown UIInterfaceOrientationLandscapeLeft UIInterfaceOrientationLandscapeRight";
				INFOPLIST_KEY_UISupportedInterfaceOrientations_iPhone = "UIInterfaceOrientationPortrait UIInterfaceOrientationLandscapeLeft UIInterfaceOrientationLandscapeRight";
				IPHONEOS_DEPLOYMENT_TARGET = 15.6;
				LD_RUNPATH_SEARCH_PATHS = (
					"$(inherited)",
					"@executable_path/Frameworks",
				);
				MARKETING_VERSION = 1.0;
				PRODUCT_BUNDLE_IDENTIFIER = XcodeFix.com.Youverify;
				PRODUCT_NAME = "$(TARGET_NAME)";
				SWIFT_EMIT_LOC_STRINGS = YES;
				SWIFT_VERSION = 5.0;
				TARGETED_DEVICE_FAMILY = "1,2";
			};
			name = Debug;
		};
		D020FE7D2D827F9B0018F434 /* Release */ = {
			isa = XCBuildConfiguration;
			buildSettings = {
				ASSETCATALOG_COMPILER_APPICON_NAME = AppIcon;
				ASSETCATALOG_COMPILER_GLOBAL_ACCENT_COLOR_NAME = AccentColor;
				CODE_SIGN_STYLE = Automatic;
				CURRENT_PROJECT_VERSION = 1;
				DEVELOPMENT_ASSET_PATHS = "\"Youverify/Preview Content\"";
				ENABLE_PREVIEWS = YES;
				GENERATE_INFOPLIST_FILE = YES;
				INFOPLIST_KEY_UIApplicationSceneManifest_Generation = YES;
				INFOPLIST_KEY_UIApplicationSupportsIndirectInputEvents = YES;
				INFOPLIST_KEY_UILaunchScreen_Generation = YES;
				INFOPLIST_KEY_UISupportedInterfaceOrientations_iPad = "UIInterfaceOrientationPortrait UIInterfaceOrientationPortraitUpsideDown UIInterfaceOrientationLandscapeLeft UIInterfaceOrientationLandscapeRight";
				INFOPLIST_KEY_UISupportedInterfaceOrientations_iPhone = "UIInterfaceOrientationPortrait UIInterfaceOrientationLandscapeLeft UIInterfaceOrientationLandscapeRight";
				IPHONEOS_DEPLOYMENT_TARGET = 15.6;
				LD_RUNPATH_SEARCH_PATHS = (
					"$(inherited)",
					"@executable_path/Frameworks",
				);
				MARKETING_VERSION = 1.0;
				PRODUCT_BUNDLE_IDENTIFIER = XcodeFix.com.Youverify;
				PRODUCT_NAME = "$(TARGET_NAME)";
				SWIFT_EMIT_LOC_STRINGS = YES;
				SWIFT_VERSION = 5.0;
				TARGETED_DEVICE_FAMILY = "1,2";
			};
			name = Release;
		};
		D020FE7F2D827F9B0018F434 /* Debug */ = {
			isa = XCBuildConfiguration;
			buildSettings = {
				BUNDLE_LOADER = "$(TEST_HOST)";
				CODE_SIGN_STYLE = Automatic;
				CURRENT_PROJECT_VERSION = 1;
				GENERATE_INFOPLIST_FILE = YES;
				IPHONEOS_DEPLOYMENT_TARGET = 18.2;
				MARKETING_VERSION = 1.0;
				PRODUCT_BUNDLE_IDENTIFIER = XcodeFix.com.YouverifyTests;
				PRODUCT_NAME = "$(TARGET_NAME)";
				SWIFT_EMIT_LOC_STRINGS = NO;
				SWIFT_VERSION = 5.0;
				TARGETED_DEVICE_FAMILY = "1,2";
				TEST_HOST = "$(BUILT_PRODUCTS_DIR)/Youverify.app/$(BUNDLE_EXECUTABLE_FOLDER_PATH)/Youverify";
			};
			name = Debug;
		};
		D020FE802D827F9B0018F434 /* Release */ = {
			isa = XCBuildConfiguration;
			buildSettings = {
				BUNDLE_LOADER = "$(TEST_HOST)";
				CODE_SIGN_STYLE = Automatic;
				CURRENT_PROJECT_VERSION = 1;
				GENERATE_INFOPLIST_FILE = YES;
				IPHONEOS_DEPLOYMENT_TARGET = 18.2;
				MARKETING_VERSION = 1.0;
				PRODUCT_BUNDLE_IDENTIFIER = XcodeFix.com.YouverifyTests;
				PRODUCT_NAME = "$(TARGET_NAME)";
				SWIFT_EMIT_LOC_STRINGS = NO;
				SWIFT_VERSION = 5.0;
				TARGETED_DEVICE_FAMILY = "1,2";
				TEST_HOST = "$(BUILT_PRODUCTS_DIR)/Youverify.app/$(BUNDLE_EXECUTABLE_FOLDER_PATH)/Youverify";
			};
			name = Release;
		};
		D020FE822D827F9B0018F434 /* Debug */ = {
			isa = XCBuildConfiguration;
			buildSettings = {
				CODE_SIGN_STYLE = Automatic;
				CURRENT_PROJECT_VERSION = 1;
				GENERATE_INFOPLIST_FILE = YES;
				MARKETING_VERSION = 1.0;
				PRODUCT_BUNDLE_IDENTIFIER = XcodeFix.com.YouverifyUITests;
				PRODUCT_NAME = "$(TARGET_NAME)";
				SWIFT_EMIT_LOC_STRINGS = NO;
				SWIFT_VERSION = 5.0;
				TARGETED_DEVICE_FAMILY = "1,2";
				TEST_TARGET_NAME = Youverify;
			};
			name = Debug;
		};
		D020FE832D827F9B0018F434 /* Release */ = {
			isa = XCBuildConfiguration;
			buildSettings = {
				CODE_SIGN_STYLE = Automatic;
				CURRENT_PROJECT_VERSION = 1;
				GENERATE_INFOPLIST_FILE = YES;
				MARKETING_VERSION = 1.0;
				PRODUCT_BUNDLE_IDENTIFIER = XcodeFix.com.YouverifyUITests;
				PRODUCT_NAME = "$(TARGET_NAME)";
				SWIFT_EMIT_LOC_STRINGS = NO;
				SWIFT_VERSION = 5.0;
				TARGETED_DEVICE_FAMILY = "1,2";
				TEST_TARGET_NAME = Youverify;
			};
			name = Release;
		};
/* End XCBuildConfiguration section */

/* Begin XCConfigurationList section */
		D020FE522D827F9A0018F434 /* Build configuration list for PBXProject "Youverify" */ = {
			isa = XCConfigurationList;
			buildConfigurations = (
				D020FE792D827F9B0018F434 /* Debug */,
				D020FE7A2D827F9B0018F434 /* Release */,
			);
			defaultConfigurationIsVisible = 0;
			defaultConfigurationName = Release;
		};
		D020FE7B2D827F9B0018F434 /* Build configuration list for PBXNativeTarget "Youverify" */ = {
			isa = XCConfigurationList;
			buildConfigurations = (
				D020FE7C2D827F9B0018F434 /* Debug */,
				D020FE7D2D827F9B0018F434 /* Release */,
			);
			defaultConfigurationIsVisible = 0;
			defaultConfigurationName = Release;
		};
		D020FE7E2D827F9B0018F434 /* Build configuration list for PBXNativeTarget "YouverifyTests" */ = {
			isa = XCConfigurationList;
			buildConfigurations = (
				D020FE7F2D827F9B0018F434 /* Debug */,
				D020FE802D827F9B0018F434 /* Release */,
			);
			defaultConfigurationIsVisible = 0;
			defaultConfigurationName = Release;
		};
		D020FE812D827F9B0018F434 /* Build configuration list for PBXNativeTarget "YouverifyUITests" */ = {
			isa = XCConfigurationList;
			buildConfigurations = (
				D020FE822D827F9B0018F434 /* Debug */,
				D020FE832D827F9B0018F434 /* Release */,
			);
			defaultConfigurationIsVisible = 0;
			defaultConfigurationName = Release;
		};
/* End XCConfigurationList section */

/* Begin XCRemoteSwiftPackageReference section */
		D020FEAF2D82E0650018F434 /* XCRemoteSwiftPackageReference "firebase-ios-sdk" */ = {
			isa = XCRemoteSwiftPackageReference;
			repositoryURL = "https://github.com/firebase/firebase-ios-sdk.git";
			requirement = {
				kind = upToNextMajorVersion;
				minimumVersion = 11.9.0;
			};
		};
/* End XCRemoteSwiftPackageReference section */

/* Begin XCSwiftPackageProductDependency section */
		D020FEB02D82E0650018F434 /* FirebaseAnalytics */ = {
			isa = XCSwiftPackageProductDependency;
			package = D020FEAF2D82E0650018F434 /* XCRemoteSwiftPackageReference "firebase-ios-sdk" */;
			productName = FirebaseAnalytics;
		};
		D020FEB22D82E0650018F434 /* FirebaseAuth */ = {
			isa = XCSwiftPackageProductDependency;
			package = D020FEAF2D82E0650018F434 /* XCRemoteSwiftPackageReference "firebase-ios-sdk" */;
			productName = FirebaseAuth;
		};
		D020FEB42D82E0650018F434 /* FirebaseCore */ = {
			isa = XCSwiftPackageProductDependency;
			package = D020FEAF2D82E0650018F434 /* XCRemoteSwiftPackageReference "firebase-ios-sdk" */;
			productName = FirebaseCore;
		};
		D020FEB62D82E0650018F434 /* FirebaseFirestore */ = {
			isa = XCSwiftPackageProductDependency;
			package = D020FEAF2D82E0650018F434 /* XCRemoteSwiftPackageReference "firebase-ios-sdk" */;
			productName = FirebaseFirestore;
		};
		D020FEB82D82E0650018F434 /* FirebaseMessaging */ = {
			isa = XCSwiftPackageProductDependency;
			package = D020FEAF2D82E0650018F434 /* XCRemoteSwiftPackageReference "firebase-ios-sdk" */;
			productName = FirebaseMessaging;
		};
		D020FEBA2D82E0650018F434 /* FirebaseStorage */ = {
			isa = XCSwiftPackageProductDependency;
			package = D020FEAF2D82E0650018F434 /* XCRemoteSwiftPackageReference "firebase-ios-sdk" */;
			productName = FirebaseStorage;
		};
/* End XCSwiftPackageProductDependency section */

/* Begin XCVersionGroup section */
		D020FECE2D82EEB20018F434 /* Dessert.xcdatamodeld */ = {
			isa = XCVersionGroup;
			children = (
				D020FECF2D82EEB20018F434 /* Dessert.xcdatamodel */,
			);
			currentVersion = D020FECF2D82EEB20018F434 /* Dessert.xcdatamodel */;
			path = Dessert.xcdatamodeld;
			sourceTree = "<group>";
			versionGroupType = wrapper.xcdatamodel;
		};
/* End XCVersionGroup section */
	};
	rootObject = D020FE4F2D827F9A0018F434 /* Project object */;
}
